
Microsoft Visual Studio Solution File, Format Version 12.00
# Visual Studio Version 16
VisualStudioVersion = 16.0.29709.97
MinimumVisualStudioVersion = 10.0.40219.1
Project("{FAE04EC0-301F-11D3-BF4B-00C04F79EFBC}") = "Net-Core-Art-Store", "Net-Core-Art-Store.csproj", "{007C6504-BFA0-4D8F-A863-FAA37FCC1D8A}"
EndProject
Global
	GlobalSection(SolutionConfigurationPlatforms) = preSolution
		Debug|Any CPU = Debug|Any CPU
		Release|Any CPU = Release|Any CPU
	EndGlobalSection
	GlobalSection(ProjectConfigurationPlatforms) = postSolution
		{007C6504-BFA0-4D8F-A863-FAA37FCC1D8A}.Debug|Any CPU.ActiveCfg = Debug|Any CPU
		{007C6504-BFA0-4D8F-A863-FAA37FCC1D8A}.Debug|Any CPU.Build.0 = Debug|Any CPU
		{007C6504-BFA0-4D8F-A863-FAA37FCC1D8A}.Release|Any CPU.ActiveCfg = Release|Any CPU
		{007C6504-BFA0-4D8F-A863-FAA37FCC1D8A}.Release|Any CPU.Build.0 = Release|Any CPU
	EndGlobalSection
	GlobalSection(SolutionProperties) = preSolution
		HideSolutionNode = FALSE
	EndGlobalSection
	GlobalSection(ExtensibilityGlobals) = postSolution
		SolutionGuid = {E81E385E-0057-490E-B557-BFD722DC6D17}
	EndGlobalSection
EndGlobal
